
Microsoft Visual Studio Solution File, Format Version 12.00
# Visual Studio Version 17
VisualStudioVersion = 17.14.37027.9 d17.14
MinimumVisualStudioVersion = 10.0.40219.1
Project("{8BC9CEB8-8B4A-11D0-8D11-00A0C91BC942}") = "randomtest", "randomtest\randomtest.vcxproj", "{D92BDB24-3590-4BF4-9BF7-761BA0D983FC}"
EndProject
Project("{8BC9CEB8-8B4A-11D0-8D11-00A0C91BC942}") = "test", "test\test.vcxproj", "{95D2CFBD-C3A3-469C-AC3E-E8FE8381390A}"
EndProject
Project("{8BC9CEB8-8B4A-11D0-8D11-00A0C91BC942}") = "ConsoleApplication1", "ConsoleApplication1\ConsoleApplication1.vcxproj", "{EAF18214-483B-46C5-80AD-A713C528CE9C}"
EndProject
Global
	GlobalSection(SolutionConfigurationPlatforms) = preSolution
		Debug|x64 = Debug|x64
		Debug|x86 = Debug|x86
		Release|x64 = Release|x64
		Release|x86 = Release|x86
	EndGlobalSection
	GlobalSection(ProjectConfigurationPlatforms) = postSolution
		{D92BDB24-3590-4BF4-9BF7-761BA0D983FC}.Debug|x64.ActiveCfg = Debug|x64
		{D92BDB24-3590-4BF4-9BF7-761BA0D983FC}.Debug|x64.Build.0 = Debug|x64
		{D92BDB24-3590-4BF4-9BF7-761BA0D983FC}.Debug|x86.ActiveCfg = Debug|Win32
		{D92BDB24-3590-4BF4-9BF7-761BA0D983FC}.Debug|x86.Build.0 = Debug|Win32
		{D92BDB24-3590-4BF4-9BF7-761BA0D983FC}.Release|x64.ActiveCfg = Release|x64
		{D92BDB24-3590-4BF4-9BF7-761BA0D983FC}.Release|x64.Build.0 = Release|x64
		{D92BDB24-3590-4BF4-9BF7-761BA0D983FC}.Release|x86.ActiveCfg = Release|Win32
		{D92BDB24-3590-4BF4-9BF7-761BA0D983FC}.Release|x86.Build.0 = Release|Win32
		{95D2CFBD-C3A3-469C-AC3E-E8FE8381390A}.Debug|x64.ActiveCfg = Debug|x64
		{95D2CFBD-C3A3-469C-AC3E-E8FE8381390A}.Debug|x64.Build.0 = Debug|x64
		{95D2CFBD-C3A3-469C-AC3E-E8FE8381390A}.Debug|x86.ActiveCfg = Debug|Win32
		{95D2CFBD-C3A3-469C-AC3E-E8FE8381390A}.Debug|x86.Build.0 = Debug|Win32
		{95D2CFBD-C3A3-469C-AC3E-E8FE8381390A}.Release|x64.ActiveCfg = Release|x64
		{95D2CFBD-C3A3-469C-AC3E-E8FE8381390A}.Release|x64.Build.0 = Release|x64
		{95D2CFBD-C3A3-469C-AC3E-E8FE8381390A}.Release|x86.ActiveCfg = Release|Win32
		{95D2CFBD-C3A3-469C-AC3E-E8FE8381390A}.Release|x86.Build.0 = Release|Win32
		{EAF18214-483B-46C5-80AD-A713C528CE9C}.Debug|x64.ActiveCfg = Debug|x64
		{EAF18214-483B-46C5-80AD-A713C528CE9C}.Debug|x64.Build.0 = Debug|x64
		{EAF18214-483B-46C5-80AD-A713C528CE9C}.Debug|x86.ActiveCfg = Debug|Win32
		{EAF18214-483B-46C5-80AD-A713C528CE9C}.Debug|x86.Build.0 = Debug|Win32
		{EAF18214-483B-46C5-80AD-A713C528CE9C}.Release|x64.ActiveCfg = Release|x64
		{EAF18214-483B-46C5-80AD-A713C528CE9C}.Release|x64.Build.0 = Release|x64
		{EAF18214-483B-46C5-80AD-A713C528CE9C}.Release|x86.ActiveCfg = Release|Win32
		{EAF18214-483B-46C5-80AD-A713C528CE9C}.Release|x86.Build.0 = Release|Win32
	EndGlobalSection
	GlobalSection(SolutionProperties) = preSolution
		HideSolutionNode = FALSE
	EndGlobalSection
	GlobalSection(ExtensibilityGlobals) = postSolution
		SolutionGuid = {786A9061-1F8C-4E75-88B4-E2B6322D9E38}
	EndGlobalSection
EndGlobal
